
Microsoft Visual Studio Solution File, Format Version 12.00
# Visual Studio Version 16
VisualStudioVersion = 16.0.30621.155
MinimumVisualStudioVersion = 10.0.40219.1
Project("{FAE04EC0-301F-11D3-BF4B-00C04F79EFBC}") = "WebApiTask", "WebApiTask\WebApiTask.csproj", "{EA811A63-3B20-4087-BE08-A754F6CBAF96}"
EndProject
Global
	GlobalSection(SolutionConfigurationPlatforms) = preSolution
		Debug|Any CPU = Debug|Any CPU
		Release|Any CPU = Release|Any CPU
	EndGlobalSection
	GlobalSection(ProjectConfigurationPlatforms) = postSolution
		{EA811A63-3B20-4087-BE08-A754F6CBAF96}.Debug|Any CPU.ActiveCfg = Debug|Any CPU
		{EA811A63-3B20-4087-BE08-A754F6CBAF96}.Debug|Any CPU.Build.0 = Debug|Any CPU
		{EA811A63-3B20-4087-BE08-A754F6CBAF96}.Release|Any CPU.ActiveCfg = Release|Any CPU
		{EA811A63-3B20-4087-BE08-A754F6CBAF96}.Release|Any CPU.Build.0 = Release|Any CPU
	EndGlobalSection
	GlobalSection(SolutionProperties) = preSolution
		HideSolutionNode = FALSE
	EndGlobalSection
	GlobalSection(ExtensibilityGlobals) = postSolution
		SolutionGuid = {3E5F1D47-42DE-41F2-BA6A-60249F8799A3}
	EndGlobalSection
EndGlobal
